
Microsoft Visual Studio Solution File, Format Version 12.00
# Visual Studio 2012
# SharpDevelop 5.1
VisualStudioVersion = 17.7.34031.279
MinimumVisualStudioVersion = 10.0.40219.1
Project("{FAE04EC0-301F-11D3-BF4B-00C04F79EFBC}") = "WindowsFormsApp2", "WindowsFormsApp2.csproj", "{F8E23B1D-5B5F-45B3-80A4-4168D726E45B}"
EndProject
Global
	GlobalSection(SolutionConfigurationPlatforms) = preSolution
		Debug|Any CPU = Debug|Any CPU
		Release|Any CPU = Release|Any CPU
	EndGlobalSection
	GlobalSection(ProjectConfigurationPlatforms) = postSolution
		{F8E23B1D-5B5F-45B3-80A4-4168D726E45B}.Debug|Any CPU.ActiveCfg = Debug|Any CPU
		{F8E23B1D-5B5F-45B3-80A4-4168D726E45B}.Debug|Any CPU.Build.0 = Debug|Any CPU
		{F8E23B1D-5B5F-45B3-80A4-4168D726E45B}.Release|Any CPU.ActiveCfg = Release|Any CPU
		{F8E23B1D-5B5F-45B3-80A4-4168D726E45B}.Release|Any CPU.Build.0 = Release|Any CPU
	EndGlobalSection
	GlobalSection(SolutionProperties) = preSolution
		HideSolutionNode = FALSE
	EndGlobalSection
	GlobalSection(ExtensibilityGlobals) = postSolution
		SolutionGuid = {03F5044C-8BBF-43BE-8A82-A7F34B78B61D}
	EndGlobalSection
EndGlobal
